
Microsoft Visual Studio Solution File, Format Version 12.00
# Visual Studio Version 17
VisualStudioVersion = 17.4.33213.308
MinimumVisualStudioVersion = 10.0.40219.1
Project("{FAE04EC0-301F-11D3-BF4B-00C04F79EFBC}") = "HackathonRenderer", "HackathonRenderer\HackathonRenderer.csproj", "{A13729D1-B690-4D65-A991-2B7B29371164}"
EndProject
Global
	GlobalSection(SolutionConfigurationPlatforms) = preSolution
		Debug|Any CPU = Debug|Any CPU
		Release|Any CPU = Release|Any CPU
	EndGlobalSection
	GlobalSection(ProjectConfigurationPlatforms) = postSolution
		{A13729D1-B690-4D65-A991-2B7B29371164}.Debug|Any CPU.ActiveCfg = Debug|Any CPU
		{A13729D1-B690-4D65-A991-2B7B29371164}.Debug|Any CPU.Build.0 = Debug|Any CPU
		{A13729D1-B690-4D65-A991-2B7B29371164}.Release|Any CPU.ActiveCfg = Release|Any CPU
		{A13729D1-B690-4D65-A991-2B7B29371164}.Release|Any CPU.Build.0 = Release|Any CPU
	EndGlobalSection
	GlobalSection(SolutionProperties) = preSolution
		HideSolutionNode = FALSE
	EndGlobalSection
	GlobalSection(ExtensibilityGlobals) = postSolution
		SolutionGuid = {20C1BB2D-CB5A-4708-99AB-3B99A09B5F30}
	EndGlobalSection
EndGlobal
